{
  "name": "hello-world",
  "version": "1.0.0",
  "lockfileVersion": 1,
  "requires": true,
  "dependencies": {
    "@chirimen/sht30": {
      "version": "1.0.2",
      "resolved": "https://registry.npmjs.org/@chirimen/sht30/-/sht30-1.0.2.tgz",
      "integrity": "sha512-G9vuhyxlagUGEYyxuSniem2HXDg/qjIUQWj9x0pQAypbfeySwWHfZiZgI+1gjdB5oUtcJehwthqQMqkA4YZVjQ=="
    },
    "@types/i2c-bus": {
      "version": "5.1.0",
      "resolved": "https://registry.npmjs.org/@types/i2c-bus/-/i2c-bus-5.1.0.tgz",
      "integrity": "sha512-zBwBpfaFzKtYaS2j/sh+m/zKRcbXuG26/wWlJq3F9+oWXQ9DSxuJXOU+t1PMorj3DBZzpLO8LqbVTGRE1PUb3g==",
      "requires": {
        "@types/node": "*"
      }
    },
    "@types/node": {
      "version": "14.14.14",
      "resolved": "https://registry.npmjs.org/@types/node/-/node-14.14.14.tgz",
      "integrity": "sha512-UHnOPWVWV1z+VV8k6L1HhG7UbGBgIdghqF3l9Ny9ApPghbjICXkUJSd/b9gOgQfjM1r+37cipdw/HJ3F6ICEnQ=="
    },
    "bindings": {
      "version": "1.5.0",
      "resolved": "https://registry.npmjs.org/bindings/-/bindings-1.5.0.tgz",
      "integrity": "sha512-p2q/t/mhvuOj/UeLlV6566GD/guowlr0hHxClI0W9m7MWYkL1F0hLo+0Aexs9HSPCtR1SXQ0TD3MMKrXZajbiQ==",
      "requires": {
        "file-uri-to-path": "1.0.0"
      }
    },
    "file-uri-to-path": {
      "version": "1.0.0",
      "resolved": "https://registry.npmjs.org/file-uri-to-path/-/file-uri-to-path-1.0.0.tgz",
      "integrity": "sha512-0Zt+s3L7Vf1biwWZ29aARiVYLx7iMGnEUl9x33fbB/j3jR81u/O2LbqK+Bm1CDSNDKVtJ/YjwY7TUd5SkeLQLw=="
    },
    "i2c-bus": {
      "version": "5.2.1",
      "resolved": "https://registry.npmjs.org/i2c-bus/-/i2c-bus-5.2.1.tgz",
      "integrity": "sha512-ihfUEG8BPbmVkwLJv2vZmvXUNZ8TUCIqnTAVgSwzqH72jouT3HdpJOJCGIwJt8SQ8H7QpefvWqDuT40TnnUELQ==",
      "requires": {
        "bindings": "^1.5.0",
        "nan": "^2.14.1"
      }
    },
    "lodash.clone": {
      "version": "4.5.0",
      "resolved": "https://registry.npmjs.org/lodash.clone/-/lodash.clone-4.5.0.tgz",
      "integrity": "sha1-GVhwRQ9aExkkeN9Lw9I9LeoZB7Y="
    },
    "mcp-spi-adc": {
      "version": "3.1.0",
      "resolved": "https://registry.npmjs.org/mcp-spi-adc/-/mcp-spi-adc-3.1.0.tgz",
      "integrity": "sha512-N0cHnL7jOJN8XeSZnL76dk/SG5mOIK+9Bwrm9Rqr2lp5jK72dbUFdR1xuKvAAC3gOQ12UeYlSc/NzoZ6n9BClw==",
      "requires": {
        "lodash.clone": "^4.5.0",
        "spi-device": "^3.1.0"
      }
    },
    "nan": {
      "version": "2.14.2",
      "resolved": "https://registry.npmjs.org/nan/-/nan-2.14.2.tgz",
      "integrity": "sha512-M2ufzIiINKCuDfBSAUr1vWQ+vuVcA9kqx8JJUsbQi6yf1uGRyb7HfpdfUr5qLXf3B/t8dPvcjhKMmlfnP47EzQ=="
    },
    "node-web-gpio": {
      "version": "1.0.1",
      "resolved": "https://registry.npmjs.org/node-web-gpio/-/node-web-gpio-1.0.1.tgz",
      "integrity": "sha512-TfO87vH6bjhjYtj9B4DRJwuIZHQfSXG8O2LwucTeZ7Haiv4uEXJ/9WXglqqbRekIFmNcrYORNrTB9iucJU8HWQ=="
    },
    "node-web-i2c": {
      "version": "1.1.4",
      "resolved": "https://registry.npmjs.org/node-web-i2c/-/node-web-i2c-1.1.4.tgz",
      "integrity": "sha512-CCYn4h5AbmDixmtzBUNJs+1DTpbRho0AdC5CJ1wPNpXzE6njvnB4UcF07uiUoM+U7zxjoxWe4sCtL0zhbIXIuw==",
      "requires": {
        "@types/i2c-bus": "^5.1.0",
        "@types/node": "^14.0.14",
        "i2c-bus": "^5.2.0"
      }
    },
    "spi-device": {
      "version": "3.1.0",
      "resolved": "https://registry.npmjs.org/spi-device/-/spi-device-3.1.0.tgz",
      "integrity": "sha512-qFTRkXl4fbjjL64A6XXYqUf+GcfVuvRapxNveqJ+NzHmF0seW75M7aHPN4uziGEJol3+1XGyUu//qITptujm+A==",
      "requires": {
        "bindings": "^1.5.0",
        "nan": "^2.14.1"
      }
    }
  }
}
